{
    "_readme": [
        "This file locks the dependencies of your project to a known state",
        "Read more about it at https://getcomposer.org/doc/01-basic-usage.md#composer-lock-the-lock-file",
        "This file is @generated automatically"
    ],
    "hash": "570f0e6e1655bd79f0c469808ff30759",
    "content-hash": "fe7dace90b49de1beb4aeff83a37b5ac",
    "packages": [
        {
            "name": "devster/ubench",
            "version": "1.1.1",
            "source": {
                "type": "git",
                "url": "https://github.com/devster/ubench.git",
                "reference": "411f072dc8ee045c80e9f007b3961232b743d992"
            },
            "dist": {
                "type": "zip",
                "url": "https://api.github.com/repos/devster/ubench/zipball/411f072dc8ee045c80e9f007b3961232b743d992",
                "reference": "411f072dc8ee045c80e9f007b3961232b743d992",
                "shasum": ""
            },
            "type": "library",
            "extra": {
                "branch-alias": {
                    "dev-master": "1.1.x-dev"
                }
            },
            "autoload": {
                "psr-0": {
                    "Ubench": "src/"
                }
            },
            "notification-url": "https://packagist.org/downloads/",
            "license": [
                "MIT"
            ],
            "authors": [
                {
                    "name": "Jeremy Perret",
                    "email": "jeremy@devster.org",
                    "homepage": "https://github.com/devster"
                }
            ],
            "description": "Micro PHP library for benchmarking",
            "homepage": "https://github.com/devster/ubench",
            "keywords": [
                "bench",
                "benchmark",
                "library",
                "micro"
            ],
            "time": "2012-12-07 11:31:10"
        },
        {
            "name": "fzaninotto/faker",
            "version": "v1.4.0",
            "source": {
                "type": "git",
                "url": "https://github.com/fzaninotto/Faker.git",
                "reference": "010c7efedd88bf31141a02719f51fb44c732d5a0"
            },
            "dist": {
                "type": "zip",
                "url": "https://api.github.com/repos/fzaninotto/Faker/zipball/010c7efedd88bf31141a02719f51fb44c732d5a0",
                "reference": "010c7efedd88bf31141a02719f51fb44c732d5a0",
                "shasum": ""
            },
            "require": {
                "php": ">=5.3.3"
            },
            "require-dev": {
                "phpunit/phpunit": "~4.0",
                "squizlabs/php_codesniffer": "~1.5"
            },
            "type": "library",
            "extra": {
                "branch-alias": []
            },
            "autoload": {
                "psr-0": {
                    "Faker": "src/",
                    "Faker\\PHPUnit": "test/"
                }
            },
            "notification-url": "https://packagist.org/downloads/",
            "license": [
                "MIT"
            ],
            "authors": [
                {
                    "name": "François Zaninotto"
                }
            ],
            "description": "Faker is a PHP library that generates fake data for you.",
            "keywords": [
                "data",
                "faker",
                "fixtures"
            ],
            "time": "2014-06-04 14:43:02"
        },
        {
            "name": "sbstjn/reng",
            "version": "0.2.1",
            "source": {
                "type": "git",
                "url": "https://github.com/sbstjn/reng.git",
                "reference": "1b123333528735af08f388b6bf5795341c0bb1f4"
            },
            "dist": {
                "type": "zip",
                "url": "https://api.github.com/repos/sbstjn/reng/zipball/1b123333528735af08f388b6bf5795341c0bb1f4",
                "reference": "1b123333528735af08f388b6bf5795341c0bb1f4",
                "shasum": ""
            },
            "require": {
                "php": ">=5.4.0"
            },
            "require-dev": {
                "phpunit/phpunit": "4.*",
                "scrutinizer/ocular": "~1.1"
            },
            "type": "library",
            "autoload": {
                "files": [
                    "load.php"
                ]
            },
            "notification-url": "https://packagist.org/downloads/",
            "license": [
                "MIT"
            ],
            "authors": [
                {
                    "name": "Sebastian Müller",
                    "email": "mail@sbstjn.com",
                    "homepage": "http://sbstjn.com",
                    "role": "Developer"
                }
            ],
            "description": "Release Name Generator",
            "homepage": "https://github.com/sbstjn/reng",
            "keywords": [
                "generator",
                "name",
                "random",
                "release"
            ],
            "time": "2015-10-15 17:29:04"
        }
    ],
    "packages-dev": [],
    "aliases": [],
    "minimum-stability": "stable",
    "stability-flags": [],
    "prefer-stable": false,
    "prefer-lowest": false,
    "platform": {
        "php": ">=5.5.0"
    },
    "platform-dev": []
}
